// !$*UTF8*$!
{
	archiveVersion = 1;
	classes = {
	};
	objectVersion = 51;
	objects = {

/* Begin PBXBuildFile section */
		A59C1305B1BD2511647D2E1A /* Pods_29th_Seminar_Assignment.framework in Frameworks */ = {isa = PBXBuildFile; fileRef = 628649E63062A2A6F72AC39A /* Pods_29th_Seminar_Assignment.framework */; };
		E86D33C4270DE21A009F3F25 /* AppDelegate.swift in Sources */ = {isa = PBXBuildFile; fileRef = E86D33C3270DE21A009F3F25 /* AppDelegate.swift */; };
		E86D33C6270DE21A009F3F25 /* SceneDelegate.swift in Sources */ = {isa = PBXBuildFile; fileRef = E86D33C5270DE21A009F3F25 /* SceneDelegate.swift */; };
		E86D33C8270DE21A009F3F25 /* LoginViewController.swift in Sources */ = {isa = PBXBuildFile; fileRef = E86D33C7270DE21A009F3F25 /* LoginViewController.swift */; };
		E86D33CD270DE21B009F3F25 /* Assets.xcassets in Resources */ = {isa = PBXBuildFile; fileRef = E86D33CC270DE21B009F3F25 /* Assets.xcassets */; };
		E86D33E3270DE43E009F3F25 /* NotoSansKR-Bold.otf in Resources */ = {isa = PBXBuildFile; fileRef = E86D33DD270DE43E009F3F25 /* NotoSansKR-Bold.otf */; };
		E86D33E4270DE43E009F3F25 /* NotoSansKR-Medium.otf in Resources */ = {isa = PBXBuildFile; fileRef = E86D33DE270DE43E009F3F25 /* NotoSansKR-Medium.otf */; };
		E86D33E5270DE43E009F3F25 /* NotoSansKR-Thin.otf in Resources */ = {isa = PBXBuildFile; fileRef = E86D33DF270DE43E009F3F25 /* NotoSansKR-Thin.otf */; };
		E86D33E6270DE43E009F3F25 /* NotoSansKR-Regular.otf in Resources */ = {isa = PBXBuildFile; fileRef = E86D33E0270DE43E009F3F25 /* NotoSansKR-Regular.otf */; };
		E86D33E7270DE43E009F3F25 /* NotoSansKR-Light.otf in Resources */ = {isa = PBXBuildFile; fileRef = E86D33E1270DE43E009F3F25 /* NotoSansKR-Light.otf */; };
		E86D33E8270DE43E009F3F25 /* NotoSansKR-Black.otf in Resources */ = {isa = PBXBuildFile; fileRef = E86D33E2270DE43E009F3F25 /* NotoSansKR-Black.otf */; };
		E86D33EE270DE4AF009F3F25 /* SignupViewController.swift in Sources */ = {isa = PBXBuildFile; fileRef = E86D33ED270DE4AF009F3F25 /* SignupViewController.swift */; };
		E86D33F0270DE4B7009F3F25 /* WelcomeViewController.swift in Sources */ = {isa = PBXBuildFile; fileRef = E86D33EF270DE4B7009F3F25 /* WelcomeViewController.swift */; };
		E86D33F3270DE745009F3F25 /* UIFont+.swift in Sources */ = {isa = PBXBuildFile; fileRef = E86D33F1270DE745009F3F25 /* UIFont+.swift */; };
		E86D33F4270DE745009F3F25 /* UIButton+.swift in Sources */ = {isa = PBXBuildFile; fileRef = E86D33F2270DE745009F3F25 /* UIButton+.swift */; };
		E86D33F7270DE768009F3F25 /* UIView+.swift in Sources */ = {isa = PBXBuildFile; fileRef = E86D33F5270DE768009F3F25 /* UIView+.swift */; };
		E86D33F8270DE768009F3F25 /* UIImageView+.swift in Sources */ = {isa = PBXBuildFile; fileRef = E86D33F6270DE768009F3F25 /* UIImageView+.swift */; };
		E86D33FB270DE778009F3F25 /* UITextField+.swift in Sources */ = {isa = PBXBuildFile; fileRef = E86D33F9270DE778009F3F25 /* UITextField+.swift */; };
		E86D33FC270DE778009F3F25 /* UILabel+.swift in Sources */ = {isa = PBXBuildFile; fileRef = E86D33FA270DE778009F3F25 /* UILabel+.swift */; };
		E8A1AFEE2721377B00AE1B67 /* TabBarViewController.swift in Sources */ = {isa = PBXBuildFile; fileRef = E8A1AFED2721377B00AE1B67 /* TabBarViewController.swift */; };
		E8A1AFF12721382000AE1B67 /* FirstTabViewController.swift in Sources */ = {isa = PBXBuildFile; fileRef = E8A1AFF02721382000AE1B67 /* FirstTabViewController.swift */; };
		E8A1AFF32721382B00AE1B67 /* SecondTabViewController.swift in Sources */ = {isa = PBXBuildFile; fileRef = E8A1AFF22721382B00AE1B67 /* SecondTabViewController.swift */; };
		E8A1AFF92721390400AE1B67 /* FifthTabViewController.swift in Sources */ = {isa = PBXBuildFile; fileRef = E8A1AFF82721390400AE1B67 /* FifthTabViewController.swift */; };
		E8A1AFFB272143E800AE1B67 /* ThirdTabViewController.swift in Sources */ = {isa = PBXBuildFile; fileRef = E8A1AFFA272143E800AE1B67 /* ThirdTabViewController.swift */; };
		E8A1AFFD272143F100AE1B67 /* FourthTabViewController.swift in Sources */ = {isa = PBXBuildFile; fileRef = E8A1AFFC272143F100AE1B67 /* FourthTabViewController.swift */; };
		E8BD7AB2272BCA7700FB92C5 /* VideoTableViewCell.swift in Sources */ = {isa = PBXBuildFile; fileRef = E8BD7AB1272BCA7700FB92C5 /* VideoTableViewCell.swift */; };
		E8BD7AB6272BCAA400FB92C5 /* ShortsCollectionViewCell.swift in Sources */ = {isa = PBXBuildFile; fileRef = E8BD7AB5272BCAA400FB92C5 /* ShortsCollectionViewCell.swift */; };
		E8BD7AB9272BCD1B00FB92C5 /* identifiable.swift in Sources */ = {isa = PBXBuildFile; fileRef = E8BD7AB8272BCD1B00FB92C5 /* identifiable.swift */; };
		E8BD7ABC272BDA1F00FB92C5 /* VideoModel.swift in Sources */ = {isa = PBXBuildFile; fileRef = E8BD7ABB272BDA1F00FB92C5 /* VideoModel.swift */; };
/* End PBXBuildFile section */

/* Begin PBXFileReference section */
		628649E63062A2A6F72AC39A /* Pods_29th_Seminar_Assignment.framework */ = {isa = PBXFileReference; explicitFileType = wrapper.framework; includeInIndex = 0; path = Pods_29th_Seminar_Assignment.framework; sourceTree = BUILT_PRODUCTS_DIR; };
		CC243E6BA21AEC00D9580112 /* Pods-29th_Seminar_Assignment.release.xcconfig */ = {isa = PBXFileReference; includeInIndex = 1; lastKnownFileType = text.xcconfig; name = "Pods-29th_Seminar_Assignment.release.xcconfig"; path = "Target Support Files/Pods-29th_Seminar_Assignment/Pods-29th_Seminar_Assignment.release.xcconfig"; sourceTree = "<group>"; };
		E86D33C0270DE21A009F3F25 /* 29th_Seminar_Assignment.app */ = {isa = PBXFileReference; explicitFileType = wrapper.application; includeInIndex = 0; path = 29th_Seminar_Assignment.app; sourceTree = BUILT_PRODUCTS_DIR; };
		E86D33C3270DE21A009F3F25 /* AppDelegate.swift */ = {isa = PBXFileReference; lastKnownFileType = sourcecode.swift; path = AppDelegate.swift; sourceTree = "<group>"; };
		E86D33C5270DE21A009F3F25 /* SceneDelegate.swift */ = {isa = PBXFileReference; lastKnownFileType = sourcecode.swift; path = SceneDelegate.swift; sourceTree = "<group>"; };
		E86D33C7270DE21A009F3F25 /* LoginViewController.swift */ = {isa = PBXFileReference; lastKnownFileType = sourcecode.swift; path = LoginViewController.swift; sourceTree = "<group>"; };
		E86D33CC270DE21B009F3F25 /* Assets.xcassets */ = {isa = PBXFileReference; lastKnownFileType = folder.assetcatalog; path = Assets.xcassets; sourceTree = "<group>"; };
		E86D33D1270DE21B009F3F25 /* Info.plist */ = {isa = PBXFileReference; lastKnownFileType = text.plist.xml; path = Info.plist; sourceTree = "<group>"; };
		E86D33DD270DE43E009F3F25 /* NotoSansKR-Bold.otf */ = {isa = PBXFileReference; lastKnownFileType = file; name = "NotoSansKR-Bold.otf"; path = "../../../../../../28th_SOPT_APPJAM/CA-PIN_iOS/CA-PIN_IOS/CA-PIN_IOS/Supports/Fonts/NotoSansKR-Bold.otf"; sourceTree = "<group>"; };
		E86D33DE270DE43E009F3F25 /* NotoSansKR-Medium.otf */ = {isa = PBXFileReference; lastKnownFileType = file; name = "NotoSansKR-Medium.otf"; path = "../../../../../../28th_SOPT_APPJAM/CA-PIN_iOS/CA-PIN_IOS/CA-PIN_IOS/Supports/Fonts/NotoSansKR-Medium.otf"; sourceTree = "<group>"; };
		E86D33DF270DE43E009F3F25 /* NotoSansKR-Thin.otf */ = {isa = PBXFileReference; lastKnownFileType = file; name = "NotoSansKR-Thin.otf"; path = "../../../../../../28th_SOPT_APPJAM/CA-PIN_iOS/CA-PIN_IOS/CA-PIN_IOS/Supports/Fonts/NotoSansKR-Thin.otf"; sourceTree = "<group>"; };
		E86D33E0270DE43E009F3F25 /* NotoSansKR-Regular.otf */ = {isa = PBXFileReference; lastKnownFileType = file; name = "NotoSansKR-Regular.otf"; path = "../../../../../../28th_SOPT_APPJAM/CA-PIN_iOS/CA-PIN_IOS/CA-PIN_IOS/Supports/Fonts/NotoSansKR-Regular.otf"; sourceTree = "<group>"; };
		E86D33E1270DE43E009F3F25 /* NotoSansKR-Light.otf */ = {isa = PBXFileReference; lastKnownFileType = file; name = "NotoSansKR-Light.otf"; path = "../../../../../../28th_SOPT_APPJAM/CA-PIN_iOS/CA-PIN_IOS/CA-PIN_IOS/Supports/Fonts/NotoSansKR-Light.otf"; sourceTree = "<group>"; };
		E86D33E2270DE43E009F3F25 /* NotoSansKR-Black.otf */ = {isa = PBXFileReference; lastKnownFileType = file; name = "NotoSansKR-Black.otf"; path = "../../../../../../28th_SOPT_APPJAM/CA-PIN_iOS/CA-PIN_IOS/CA-PIN_IOS/Supports/Fonts/NotoSansKR-Black.otf"; sourceTree = "<group>"; };
		E86D33ED270DE4AF009F3F25 /* SignupViewController.swift */ = {isa = PBXFileReference; lastKnownFileType = sourcecode.swift; path = SignupViewController.swift; sourceTree = "<group>"; };
		E86D33EF270DE4B7009F3F25 /* WelcomeViewController.swift */ = {isa = PBXFileReference; lastKnownFileType = sourcecode.swift; path = WelcomeViewController.swift; sourceTree = "<group>"; };
		E86D33F1270DE745009F3F25 /* UIFont+.swift */ = {isa = PBXFileReference; fileEncoding = 4; lastKnownFileType = sourcecode.swift; name = "UIFont+.swift"; path = "../../../../../../28th_SOPT_APPJAM/CA-PIN_iOS/CA-PIN_IOS/CA-PIN_IOS/Global/Extensions/UIFont+.swift"; sourceTree = "<group>"; };
		E86D33F2270DE745009F3F25 /* UIButton+.swift */ = {isa = PBXFileReference; fileEncoding = 4; lastKnownFileType = sourcecode.swift; name = "UIButton+.swift"; path = "../../../../../../28th_SOPT_APPJAM/CA-PIN_iOS/CA-PIN_IOS/CA-PIN_IOS/Global/Extensions/UIButton+.swift"; sourceTree = "<group>"; };
		E86D33F5270DE768009F3F25 /* UIView+.swift */ = {isa = PBXFileReference; fileEncoding = 4; lastKnownFileType = sourcecode.swift; name = "UIView+.swift"; path = "../../../../../../28th_SOPT_APPJAM/CA-PIN_iOS/CA-PIN_IOS/CA-PIN_IOS/Global/Extensions/UIView+.swift"; sourceTree = "<group>"; };
		E86D33F6270DE768009F3F25 /* UIImageView+.swift */ = {isa = PBXFileReference; fileEncoding = 4; lastKnownFileType = sourcecode.swift; name = "UIImageView+.swift"; path = "../../../../../../28th_SOPT_APPJAM/CA-PIN_iOS/CA-PIN_IOS/CA-PIN_IOS/Global/Extensions/UIImageView+.swift"; sourceTree = "<group>"; };
		E86D33F9270DE778009F3F25 /* UITextField+.swift */ = {isa = PBXFileReference; fileEncoding = 4; lastKnownFileType = sourcecode.swift; name = "UITextField+.swift"; path = "../../../../../../28th_SOPT_APPJAM/CA-PIN_iOS/CA-PIN_IOS/CA-PIN_IOS/Global/Extensions/UITextField+.swift"; sourceTree = "<group>"; };
		E86D33FA270DE778009F3F25 /* UILabel+.swift */ = {isa = PBXFileReference; fileEncoding = 4; lastKnownFileType = sourcecode.swift; name = "UILabel+.swift"; path = "../../../../../../28th_SOPT_APPJAM/CA-PIN_iOS/CA-PIN_IOS/CA-PIN_IOS/Global/Extensions/UILabel+.swift"; sourceTree = "<group>"; };
		E8A1AFED2721377B00AE1B67 /* TabBarViewController.swift */ = {isa = PBXFileReference; lastKnownFileType = sourcecode.swift; path = TabBarViewController.swift; sourceTree = "<group>"; };
		E8A1AFF02721382000AE1B67 /* FirstTabViewController.swift */ = {isa = PBXFileReference; lastKnownFileType = sourcecode.swift; path = FirstTabViewController.swift; sourceTree = "<group>"; };
		E8A1AFF22721382B00AE1B67 /* SecondTabViewController.swift */ = {isa = PBXFileReference; lastKnownFileType = sourcecode.swift; path = SecondTabViewController.swift; sourceTree = "<group>"; };
		E8A1AFF82721390400AE1B67 /* FifthTabViewController.swift */ = {isa = PBXFileReference; lastKnownFileType = sourcecode.swift; path = FifthTabViewController.swift; sourceTree = "<group>"; };
		E8A1AFFA272143E800AE1B67 /* ThirdTabViewController.swift */ = {isa = PBXFileReference; lastKnownFileType = sourcecode.swift; path = ThirdTabViewController.swift; sourceTree = "<group>"; };
		E8A1AFFC272143F100AE1B67 /* FourthTabViewController.swift */ = {isa = PBXFileReference; lastKnownFileType = sourcecode.swift; path = FourthTabViewController.swift; sourceTree = "<group>"; };
		E8BD7AB1272BCA7700FB92C5 /* VideoTableViewCell.swift */ = {isa = PBXFileReference; lastKnownFileType = sourcecode.swift; path = VideoTableViewCell.swift; sourceTree = "<group>"; };
		E8BD7AB5272BCAA400FB92C5 /* ShortsCollectionViewCell.swift */ = {isa = PBXFileReference; lastKnownFileType = sourcecode.swift; path = ShortsCollectionViewCell.swift; sourceTree = "<group>"; };
		E8BD7AB8272BCD1B00FB92C5 /* identifiable.swift */ = {isa = PBXFileReference; lastKnownFileType = sourcecode.swift; path = identifiable.swift; sourceTree = "<group>"; };
		E8BD7ABB272BDA1F00FB92C5 /* VideoModel.swift */ = {isa = PBXFileReference; lastKnownFileType = sourcecode.swift; path = VideoModel.swift; sourceTree = "<group>"; };
		F966B1DADD3B31D75D3F03EB /* Pods-29th_Seminar_Assignment.debug.xcconfig */ = {isa = PBXFileReference; includeInIndex = 1; lastKnownFileType = text.xcconfig; name = "Pods-29th_Seminar_Assignment.debug.xcconfig"; path = "Target Support Files/Pods-29th_Seminar_Assignment/Pods-29th_Seminar_Assignment.debug.xcconfig"; sourceTree = "<group>"; };
/* End PBXFileReference section */

/* Begin PBXFrameworksBuildPhase section */
		E86D33BD270DE21A009F3F25 /* Frameworks */ = {
			isa = PBXFrameworksBuildPhase;
			buildActionMask = 2147483647;
			files = (
				A59C1305B1BD2511647D2E1A /* Pods_29th_Seminar_Assignment.framework in Frameworks */,
			);
			runOnlyForDeploymentPostprocessing = 0;
		};
/* End PBXFrameworksBuildPhase section */

/* Begin PBXGroup section */
		4E0E92D8CC0B5F1E65C765DB /* Pods */ = {
			isa = PBXGroup;
			children = (
				F966B1DADD3B31D75D3F03EB /* Pods-29th_Seminar_Assignment.debug.xcconfig */,
				CC243E6BA21AEC00D9580112 /* Pods-29th_Seminar_Assignment.release.xcconfig */,
			);
			path = Pods;
			sourceTree = "<group>";
		};
		A2E6BEDF4E62872B4F143364 /* Frameworks */ = {
			isa = PBXGroup;
			children = (
				628649E63062A2A6F72AC39A /* Pods_29th_Seminar_Assignment.framework */,
			);
			name = Frameworks;
			sourceTree = "<group>";
		};
		E86D33B7270DE21A009F3F25 = {
			isa = PBXGroup;
			children = (
				E86D33C2270DE21A009F3F25 /* 29th_Seminar_Assignment */,
				E86D33C1270DE21A009F3F25 /* Products */,
				4E0E92D8CC0B5F1E65C765DB /* Pods */,
				A2E6BEDF4E62872B4F143364 /* Frameworks */,
			);
			sourceTree = "<group>";
		};
		E86D33C1270DE21A009F3F25 /* Products */ = {
			isa = PBXGroup;
			children = (
				E86D33C0270DE21A009F3F25 /* 29th_Seminar_Assignment.app */,
			);
			name = Products;
			sourceTree = "<group>";
		};
		E86D33C2270DE21A009F3F25 /* 29th_Seminar_Assignment */ = {
			isa = PBXGroup;
			children = (
				E86D33D7270DE3D6009F3F25 /* Supports */,
				E86D33D9270DE3F0009F3F25 /* Global */,
				E86D33D8270DE3E9009F3F25 /* Screens */,
			);
			path = 29th_Seminar_Assignment;
			sourceTree = "<group>";
		};
		E86D33D7270DE3D6009F3F25 /* Supports */ = {
			isa = PBXGroup;
			children = (
				E86D33DC270DE42A009F3F25 /* Fonts */,
				E86D33C3270DE21A009F3F25 /* AppDelegate.swift */,
				E86D33C5270DE21A009F3F25 /* SceneDelegate.swift */,
				E86D33CC270DE21B009F3F25 /* Assets.xcassets */,
				E86D33D1270DE21B009F3F25 /* Info.plist */,
			);
			path = Supports;
			sourceTree = "<group>";
		};
		E86D33D8270DE3E9009F3F25 /* Screens */ = {
			isa = PBXGroup;
			children = (
				E86D33DA270DE400009F3F25 /* Login */,
			);
			path = Screens;
			sourceTree = "<group>";
		};
		E86D33D9270DE3F0009F3F25 /* Global */ = {
			isa = PBXGroup;
			children = (
				E8BD7AB7272BCD0D00FB92C5 /* Protocols */,
				E86D33DB270DE40D009F3F25 /* Extensions */,
			);
			path = Global;
			sourceTree = "<group>";
		};
		E86D33DA270DE400009F3F25 /* Login */ = {
			isa = PBXGroup;
			children = (
				E8BD7AAE272BCA4600FB92C5 /* Tab */,
				E86D33C7270DE21A009F3F25 /* LoginViewController.swift */,
				E86D33ED270DE4AF009F3F25 /* SignupViewController.swift */,
				E86D33EF270DE4B7009F3F25 /* WelcomeViewController.swift */,
				E8A1AFED2721377B00AE1B67 /* TabBarViewController.swift */,
			);
			path = Login;
			sourceTree = "<group>";
		};
		E86D33DB270DE40D009F3F25 /* Extensions */ = {
			isa = PBXGroup;
			children = (
				E86D33FA270DE778009F3F25 /* UILabel+.swift */,
				E86D33F9270DE778009F3F25 /* UITextField+.swift */,
				E86D33F2270DE745009F3F25 /* UIButton+.swift */,
				E86D33F1270DE745009F3F25 /* UIFont+.swift */,
				E86D33F6270DE768009F3F25 /* UIImageView+.swift */,
				E86D33F5270DE768009F3F25 /* UIView+.swift */,
			);
			path = Extensions;
			sourceTree = "<group>";
		};
		E86D33DC270DE42A009F3F25 /* Fonts */ = {
			isa = PBXGroup;
			children = (
				E86D33E2270DE43E009F3F25 /* NotoSansKR-Black.otf */,
				E86D33DD270DE43E009F3F25 /* NotoSansKR-Bold.otf */,
				E86D33E1270DE43E009F3F25 /* NotoSansKR-Light.otf */,
				E86D33DE270DE43E009F3F25 /* NotoSansKR-Medium.otf */,
				E86D33E0270DE43E009F3F25 /* NotoSansKR-Regular.otf */,
				E86D33DF270DE43E009F3F25 /* NotoSansKR-Thin.otf */,
			);
			path = Fonts;
			sourceTree = "<group>";
		};
		E8BD7AAE272BCA4600FB92C5 /* Tab */ = {
			isa = PBXGroup;
			children = (
				E8BD7ABA272BDA0E00FB92C5 /* Models */,
				E8BD7AB0272BCA5800FB92C5 /* Cells */,
				E8BD7AAF272BCA5300FB92C5 /* ViewControllers */,
			);
			path = Tab;
			sourceTree = "<group>";
		};
		E8BD7AAF272BCA5300FB92C5 /* ViewControllers */ = {
			isa = PBXGroup;
			children = (
				E8A1AFF02721382000AE1B67 /* FirstTabViewController.swift */,
				E8A1AFF22721382B00AE1B67 /* SecondTabViewController.swift */,
				E8A1AFFA272143E800AE1B67 /* ThirdTabViewController.swift */,
				E8A1AFFC272143F100AE1B67 /* FourthTabViewController.swift */,
				E8A1AFF82721390400AE1B67 /* FifthTabViewController.swift */,
			);
			path = ViewControllers;
			sourceTree = "<group>";
		};
		E8BD7AB0272BCA5800FB92C5 /* Cells */ = {
			isa = PBXGroup;
			children = (
				E8BD7AB1272BCA7700FB92C5 /* VideoTableViewCell.swift */,
				E8BD7AB5272BCAA400FB92C5 /* ShortsCollectionViewCell.swift */,
			);
			path = Cells;
			sourceTree = "<group>";
		};
		E8BD7AB7272BCD0D00FB92C5 /* Protocols */ = {
			isa = PBXGroup;
			children = (
				E8BD7AB8272BCD1B00FB92C5 /* identifiable.swift */,
			);
			path = Protocols;
			sourceTree = "<group>";
		};
		E8BD7ABA272BDA0E00FB92C5 /* Models */ = {
			isa = PBXGroup;
			children = (
				E8BD7ABB272BDA1F00FB92C5 /* VideoModel.swift */,
			);
			path = Models;
			sourceTree = "<group>";
		};
/* End PBXGroup section */

/* Begin PBXNativeTarget section */
		E86D33BF270DE21A009F3F25 /* 29th_Seminar_Assignment */ = {
			isa = PBXNativeTarget;
			buildConfigurationList = E86D33D4270DE21B009F3F25 /* Build configuration list for PBXNativeTarget "29th_Seminar_Assignment" */;
			buildPhases = (
				016498E3B394E15B862DAF85 /* [CP] Check Pods Manifest.lock */,
				E86D33BC270DE21A009F3F25 /* Sources */,
				E86D33BD270DE21A009F3F25 /* Frameworks */,
				E86D33BE270DE21A009F3F25 /* Resources */,
				DCD58FCE2076B6FB1546FCCA /* [CP] Embed Pods Frameworks */,
			);
			buildRules = (
			);
			dependencies = (
			);
			name = 29th_Seminar_Assignment;
			productName = 29th_Seminar_Assignment;
			productReference = E86D33C0270DE21A009F3F25 /* 29th_Seminar_Assignment.app */;
			productType = "com.apple.product-type.application";
		};
/* End PBXNativeTarget section */

/* Begin PBXProject section */
		E86D33B8270DE21A009F3F25 /* Project object */ = {
			isa = PBXProject;
			attributes = {
				LastSwiftUpdateCheck = 1250;
				LastUpgradeCheck = 1250;
				TargetAttributes = {
					E86D33BF270DE21A009F3F25 = {
						CreatedOnToolsVersion = 12.5.1;
					};
				};
			};
			buildConfigurationList = E86D33BB270DE21A009F3F25 /* Build configuration list for PBXProject "29th_Seminar_Assignment" */;
			compatibilityVersion = "Xcode 9.3";
			developmentRegion = en;
			hasScannedForEncodings = 0;
			knownRegions = (
				en,
				Base,
			);
			mainGroup = E86D33B7270DE21A009F3F25;
			productRefGroup = E86D33C1270DE21A009F3F25 /* Products */;
			projectDirPath = "";
			projectRoot = "";
			targets = (
				E86D33BF270DE21A009F3F25 /* 29th_Seminar_Assignment */,
			);
		};
/* End PBXProject section */

/* Begin PBXResourcesBuildPhase section */
		E86D33BE270DE21A009F3F25 /* Resources */ = {
			isa = PBXResourcesBuildPhase;
			buildActionMask = 2147483647;
			files = (
				E86D33E4270DE43E009F3F25 /* NotoSansKR-Medium.otf in Resources */,
				E86D33E7270DE43E009F3F25 /* NotoSansKR-Light.otf in Resources */,
				E86D33E3270DE43E009F3F25 /* NotoSansKR-Bold.otf in Resources */,
				E86D33CD270DE21B009F3F25 /* Assets.xcassets in Resources */,
				E86D33E6270DE43E009F3F25 /* NotoSansKR-Regular.otf in Resources */,
				E86D33E5270DE43E009F3F25 /* NotoSansKR-Thin.otf in Resources */,
				E86D33E8270DE43E009F3F25 /* NotoSansKR-Black.otf in Resources */,
			);
			runOnlyForDeploymentPostprocessing = 0;
		};
/* End PBXResourcesBuildPhase section */

/* Begin PBXShellScriptBuildPhase section */
		016498E3B394E15B862DAF85 /* [CP] Check Pods Manifest.lock */ = {
			isa = PBXShellScriptBuildPhase;
			buildActionMask = 2147483647;
			files = (
			);
			inputFileListPaths = (
			);
			inputPaths = (
				"${PODS_PODFILE_DIR_PATH}/Podfile.lock",
				"${PODS_ROOT}/Manifest.lock",
			);
			name = "[CP] Check Pods Manifest.lock";
			outputFileListPaths = (
			);
			outputPaths = (
				"$(DERIVED_FILE_DIR)/Pods-29th_Seminar_Assignment-checkManifestLockResult.txt",
			);
			runOnlyForDeploymentPostprocessing = 0;
			shellPath = /bin/sh;
			shellScript = "diff \"${PODS_PODFILE_DIR_PATH}/Podfile.lock\" \"${PODS_ROOT}/Manifest.lock\" > /dev/null\nif [ $? != 0 ] ; then\n    # print error to STDERR\n    echo \"error: The sandbox is not in sync with the Podfile.lock. Run 'pod install' or update your CocoaPods installation.\" >&2\n    exit 1\nfi\n# This output is used by Xcode 'outputs' to avoid re-running this script phase.\necho \"SUCCESS\" > \"${SCRIPT_OUTPUT_FILE_0}\"\n";
			showEnvVarsInLog = 0;
		};
		DCD58FCE2076B6FB1546FCCA /* [CP] Embed Pods Frameworks */ = {
			isa = PBXShellScriptBuildPhase;
			buildActionMask = 2147483647;
			files = (
			);
			inputFileListPaths = (
				"${PODS_ROOT}/Target Support Files/Pods-29th_Seminar_Assignment/Pods-29th_Seminar_Assignment-frameworks-${CONFIGURATION}-input-files.xcfilelist",
			);
			name = "[CP] Embed Pods Frameworks";
			outputFileListPaths = (
				"${PODS_ROOT}/Target Support Files/Pods-29th_Seminar_Assignment/Pods-29th_Seminar_Assignment-frameworks-${CONFIGURATION}-output-files.xcfilelist",
			);
			runOnlyForDeploymentPostprocessing = 0;
			shellPath = /bin/sh;
			shellScript = "\"${PODS_ROOT}/Target Support Files/Pods-29th_Seminar_Assignment/Pods-29th_Seminar_Assignment-frameworks.sh\"\n";
			showEnvVarsInLog = 0;
		};
/* End PBXShellScriptBuildPhase section */

/* Begin PBXSourcesBuildPhase section */
		E86D33BC270DE21A009F3F25 /* Sources */ = {
			isa = PBXSourcesBuildPhase;
			buildActionMask = 2147483647;
			files = (
				E86D33F8270DE768009F3F25 /* UIImageView+.swift in Sources */,
				E86D33FB270DE778009F3F25 /* UITextField+.swift in Sources */,
				E86D33C8270DE21A009F3F25 /* LoginViewController.swift in Sources */,
				E86D33F4270DE745009F3F25 /* UIButton+.swift in Sources */,
				E8A1AFEE2721377B00AE1B67 /* TabBarViewController.swift in Sources */,
				E86D33F0270DE4B7009F3F25 /* WelcomeViewController.swift in Sources */,
				E8A1AFF32721382B00AE1B67 /* SecondTabViewController.swift in Sources */,
				E8A1AFFD272143F100AE1B67 /* FourthTabViewController.swift in Sources */,
				E8BD7AB6272BCAA400FB92C5 /* ShortsCollectionViewCell.swift in Sources */,
				E8A1AFF12721382000AE1B67 /* FirstTabViewController.swift in Sources */,
				E8BD7ABC272BDA1F00FB92C5 /* VideoModel.swift in Sources */,
				E8A1AFFB272143E800AE1B67 /* ThirdTabViewController.swift in Sources */,
				E86D33C4270DE21A009F3F25 /* AppDelegate.swift in Sources */,
				E8A1AFF92721390400AE1B67 /* FifthTabViewController.swift in Sources */,
				E8BD7AB9272BCD1B00FB92C5 /* identifiable.swift in Sources */,
				E86D33F7270DE768009F3F25 /* UIView+.swift in Sources */,
				E86D33EE270DE4AF009F3F25 /* SignupViewController.swift in Sources */,
				E86D33FC270DE778009F3F25 /* UILabel+.swift in Sources */,
				E86D33F3270DE745009F3F25 /* UIFont+.swift in Sources */,
				E86D33C6270DE21A009F3F25 /* SceneDelegate.swift in Sources */,
				E8BD7AB2272BCA7700FB92C5 /* VideoTableViewCell.swift in Sources */,
			);
			runOnlyForDeploymentPostprocessing = 0;
		};
/* End PBXSourcesBuildPhase section */

/* Begin XCBuildConfiguration section */
		E86D33D2270DE21B009F3F25 /* Debug */ = {
			isa = XCBuildConfiguration;
			buildSettings = {
				ALWAYS_SEARCH_USER_PATHS = NO;
				CLANG_ANALYZER_NONNULL = YES;
				CLANG_ANALYZER_NUMBER_OBJECT_CONVERSION = YES_AGGRESSIVE;
				CLANG_CXX_LANGUAGE_STANDARD = "gnu++14";
				CLANG_CXX_LIBRARY = "libc++";
				CLANG_ENABLE_MODULES = YES;
				CLANG_ENABLE_OBJC_ARC = YES;
				CLANG_ENABLE_OBJC_WEAK = YES;
				CLANG_WARN_BLOCK_CAPTURE_AUTORELEASING = YES;
				CLANG_WARN_BOOL_CONVERSION = YES;
				CLANG_WARN_COMMA = YES;
				CLANG_WARN_CONSTANT_CONVERSION = YES;
				CLANG_WARN_DEPRECATED_OBJC_IMPLEMENTATIONS = YES;
				CLANG_WARN_DIRECT_OBJC_ISA_USAGE = YES_ERROR;
				CLANG_WARN_DOCUMENTATION_COMMENTS = YES;
				CLANG_WARN_EMPTY_BODY = YES;
				CLANG_WARN_ENUM_CONVERSION = YES;
				CLANG_WARN_INFINITE_RECURSION = YES;
				CLANG_WARN_INT_CONVERSION = YES;
				CLANG_WARN_NON_LITERAL_NULL_CONVERSION = YES;
				CLANG_WARN_OBJC_IMPLICIT_RETAIN_SELF = YES;
				CLANG_WARN_OBJC_LITERAL_CONVERSION = YES;
				CLANG_WARN_OBJC_ROOT_CLASS = YES_ERROR;
				CLANG_WARN_QUOTED_INCLUDE_IN_FRAMEWORK_HEADER = YES;
				CLANG_WARN_RANGE_LOOP_ANALYSIS = YES;
				CLANG_WARN_STRICT_PROTOTYPES = YES;
				CLANG_WARN_SUSPICIOUS_MOVE = YES;
				CLANG_WARN_UNGUARDED_AVAILABILITY = YES_AGGRESSIVE;
				CLANG_WARN_UNREACHABLE_CODE = YES;
				CLANG_WARN__DUPLICATE_METHOD_MATCH = YES;
				COPY_PHASE_STRIP = NO;
				DEBUG_INFORMATION_FORMAT = dwarf;
				ENABLE_STRICT_OBJC_MSGSEND = YES;
				ENABLE_TESTABILITY = YES;
				GCC_C_LANGUAGE_STANDARD = gnu11;
				GCC_DYNAMIC_NO_PIC = NO;
				GCC_NO_COMMON_BLOCKS = YES;
				GCC_OPTIMIZATION_LEVEL = 0;
				GCC_PREPROCESSOR_DEFINITIONS = (
					"DEBUG=1",
					"$(inherited)",
				);
				GCC_WARN_64_TO_32_BIT_CONVERSION = YES;
				GCC_WARN_ABOUT_RETURN_TYPE = YES_ERROR;
				GCC_WARN_UNDECLARED_SELECTOR = YES;
				GCC_WARN_UNINITIALIZED_AUTOS = YES_AGGRESSIVE;
				GCC_WARN_UNUSED_FUNCTION = YES;
				GCC_WARN_UNUSED_VARIABLE = YES;
				IPHONEOS_DEPLOYMENT_TARGET = 14.5;
				MTL_ENABLE_DEBUG_INFO = INCLUDE_SOURCE;
				MTL_FAST_MATH = YES;
				ONLY_ACTIVE_ARCH = YES;
				SDKROOT = iphoneos;
				SWIFT_ACTIVE_COMPILATION_CONDITIONS = DEBUG;
				SWIFT_OPTIMIZATION_LEVEL = "-Onone";
			};
			name = Debug;
		};
		E86D33D3270DE21B009F3F25 /* Release */ = {
			isa = XCBuildConfiguration;
			buildSettings = {
				ALWAYS_SEARCH_USER_PATHS = NO;
				CLANG_ANALYZER_NONNULL = YES;
				CLANG_ANALYZER_NUMBER_OBJECT_CONVERSION = YES_AGGRESSIVE;
				CLANG_CXX_LANGUAGE_STANDARD = "gnu++14";
				CLANG_CXX_LIBRARY = "libc++";
				CLANG_ENABLE_MODULES = YES;
				CLANG_ENABLE_OBJC_ARC = YES;
				CLANG_ENABLE_OBJC_WEAK = YES;
				CLANG_WARN_BLOCK_CAPTURE_AUTORELEASING = YES;
				CLANG_WARN_BOOL_CONVERSION = YES;
				CLANG_WARN_COMMA = YES;
				CLANG_WARN_CONSTANT_CONVERSION = YES;
				CLANG_WARN_DEPRECATED_OBJC_IMPLEMENTATIONS = YES;
				CLANG_WARN_DIRECT_OBJC_ISA_USAGE = YES_ERROR;
				CLANG_WARN_DOCUMENTATION_COMMENTS = YES;
				CLANG_WARN_EMPTY_BODY = YES;
				CLANG_WARN_ENUM_CONVERSION = YES;
				CLANG_WARN_INFINITE_RECURSION = YES;
				CLANG_WARN_INT_CONVERSION = YES;
				CLANG_WARN_NON_LITERAL_NULL_CONVERSION = YES;
				CLANG_WARN_OBJC_IMPLICIT_RETAIN_SELF = YES;
				CLANG_WARN_OBJC_LITERAL_CONVERSION = YES;
				CLANG_WARN_OBJC_ROOT_CLASS = YES_ERROR;
				CLANG_WARN_QUOTED_INCLUDE_IN_FRAMEWORK_HEADER = YES;
				CLANG_WARN_RANGE_LOOP_ANALYSIS = YES;
				CLANG_WARN_STRICT_PROTOTYPES = YES;
				CLANG_WARN_SUSPICIOUS_MOVE = YES;
				CLANG_WARN_UNGUARDED_AVAILABILITY = YES_AGGRESSIVE;
				CLANG_WARN_UNREACHABLE_CODE = YES;
				CLANG_WARN__DUPLICATE_METHOD_MATCH = YES;
				COPY_PHASE_STRIP = NO;
				DEBUG_INFORMATION_FORMAT = "dwarf-with-dsym";
				ENABLE_NS_ASSERTIONS = NO;
				ENABLE_STRICT_OBJC_MSGSEND = YES;
				GCC_C_LANGUAGE_STANDARD = gnu11;
				GCC_NO_COMMON_BLOCKS = YES;
				GCC_WARN_64_TO_32_BIT_CONVERSION = YES;
				GCC_WARN_ABOUT_RETURN_TYPE = YES_ERROR;
				GCC_WARN_UNDECLARED_SELECTOR = YES;
				GCC_WARN_UNINITIALIZED_AUTOS = YES_AGGRESSIVE;
				GCC_WARN_UNUSED_FUNCTION = YES;
				GCC_WARN_UNUSED_VARIABLE = YES;
				IPHONEOS_DEPLOYMENT_TARGET = 14.5;
				MTL_ENABLE_DEBUG_INFO = NO;
				MTL_FAST_MATH = YES;
				SDKROOT = iphoneos;
				SWIFT_COMPILATION_MODE = wholemodule;
				SWIFT_OPTIMIZATION_LEVEL = "-O";
				VALIDATE_PRODUCT = YES;
			};
			name = Release;
		};
		E86D33D5270DE21B009F3F25 /* Debug */ = {
			isa = XCBuildConfiguration;
			baseConfigurationReference = F966B1DADD3B31D75D3F03EB /* Pods-29th_Seminar_Assignment.debug.xcconfig */;
			buildSettings = {
				ASSETCATALOG_COMPILER_APPICON_NAME = AppIcon;
				ASSETCATALOG_COMPILER_GLOBAL_ACCENT_COLOR_NAME = AccentColor;
				CODE_SIGN_STYLE = Automatic;
				DEVELOPMENT_TEAM = 9P444U7TM8;
				INFOPLIST_FILE = 29th_Seminar_Assignment/Supports/Info.plist;
				LD_RUNPATH_SEARCH_PATHS = (
					"$(inherited)",
					"@executable_path/Frameworks",
				);
				PRODUCT_BUNDLE_IDENTIFIER = "jisoo.-9th-Seminar-Assignment";
				PRODUCT_NAME = "$(TARGET_NAME)";
				SWIFT_VERSION = 5.0;
				TARGETED_DEVICE_FAMILY = "1,2";
			};
			name = Debug;
		};
		E86D33D6270DE21B009F3F25 /* Release */ = {
			isa = XCBuildConfiguration;
			baseConfigurationReference = CC243E6BA21AEC00D9580112 /* Pods-29th_Seminar_Assignment.release.xcconfig */;
			buildSettings = {
				ASSETCATALOG_COMPILER_APPICON_NAME = AppIcon;
				ASSETCATALOG_COMPILER_GLOBAL_ACCENT_COLOR_NAME = AccentColor;
				CODE_SIGN_STYLE = Automatic;
				DEVELOPMENT_TEAM = 9P444U7TM8;
				INFOPLIST_FILE = 29th_Seminar_Assignment/Supports/Info.plist;
				LD_RUNPATH_SEARCH_PATHS = (
					"$(inherited)",
					"@executable_path/Frameworks",
				);
				PRODUCT_BUNDLE_IDENTIFIER = "jisoo.-9th-Seminar-Assignment";
				PRODUCT_NAME = "$(TARGET_NAME)";
				SWIFT_VERSION = 5.0;
				TARGETED_DEVICE_FAMILY = "1,2";
			};
			name = Release;
		};
/* End XCBuildConfiguration section */

/* Begin XCConfigurationList section */
		E86D33BB270DE21A009F3F25 /* Build configuration list for PBXProject "29th_Seminar_Assignment" */ = {
			isa = XCConfigurationList;
			buildConfigurations = (
				E86D33D2270DE21B009F3F25 /* Debug */,
				E86D33D3270DE21B009F3F25 /* Release */,
			);
			defaultConfigurationIsVisible = 0;
			defaultConfigurationName = Release;
		};
		E86D33D4270DE21B009F3F25 /* Build configuration list for PBXNativeTarget "29th_Seminar_Assignment" */ = {
			isa = XCConfigurationList;
			buildConfigurations = (
				E86D33D5270DE21B009F3F25 /* Debug */,
				E86D33D6270DE21B009F3F25 /* Release */,
			);
			defaultConfigurationIsVisible = 0;
			defaultConfigurationName = Release;
		};
/* End XCConfigurationList section */
	};
	rootObject = E86D33B8270DE21A009F3F25 /* Project object */;
}
